github.com/francesc2509/http-wrapper v0.0.0-20200809121219-a9dfa9edb82a h1:zH6XXXzDMghBwINSoLvDhNkxnPglAKz34u/Wa+C37N4=
github.com/francesc2509/http-wrapper v0.0.0-20200809121219-a9dfa9edb82a/go.mod h1:TbbCt0QGuCm6mZBW0scDuea683UV19w0Qx4vQsuGmHo=
github.com/graphql-go/graphql v0.7.9 h1:5Va/Rt4l5g3YjwDnid3vFfn43faaQBq7rMcIZ0VnV34=
github.com/graphql-go/graphql v0.7.9/go.mod h1:k6yrAYQaSP59DC5UVxbgxESlmVyojThKdORUqGDGmrI=
github.com/graphql-go/handler v0.2.3 h1:CANh8WPnl5M9uA25c2GBhPqJhE53Fg0Iue/fRNla71E=
github.com/graphql-go/handler v0.2.3/go.mod h1:leLF6RpV5uZMN1CdImAxuiayrYYhOk33bZciaUGaXeU=
